
Microsoft Visual Studio Solution File, Format Version 12.00
# Visual Studio Version 17
VisualStudioVersion = 17.5.33424.131
MinimumVisualStudioVersion = 10.0.40219.1
Project("{8BC9CEB8-8B4A-11D0-8D11-00A0C91BC942}") = "O. Calculator", "O. Calculator\O. Calculator.vcxproj", "{DAEC8DA4-B179-44A4-B4CF-CD3846FE0B06}"
EndProject
Global
	GlobalSection(SolutionConfigurationPlatforms) = preSolution
		Debug|x64 = Debug|x64
		Debug|x86 = Debug|x86
		Release|x64 = Release|x64
		Release|x86 = Release|x86
	EndGlobalSection
	GlobalSection(ProjectConfigurationPlatforms) = postSolution
		{DAEC8DA4-B179-44A4-B4CF-CD3846FE0B06}.Debug|x64.ActiveCfg = Debug|x64
		{DAEC8DA4-B179-44A4-B4CF-CD3846FE0B06}.Debug|x64.Build.0 = Debug|x64
		{DAEC8DA4-B179-44A4-B4CF-CD3846FE0B06}.Debug|x86.ActiveCfg = Debug|Win32
		{DAEC8DA4-B179-44A4-B4CF-CD3846FE0B06}.Debug|x86.Build.0 = Debug|Win32
		{DAEC8DA4-B179-44A4-B4CF-CD3846FE0B06}.Release|x64.ActiveCfg = Release|x64
		{DAEC8DA4-B179-44A4-B4CF-CD3846FE0B06}.Release|x64.Build.0 = Release|x64
		{DAEC8DA4-B179-44A4-B4CF-CD3846FE0B06}.Release|x86.ActiveCfg = Release|Win32
		{DAEC8DA4-B179-44A4-B4CF-CD3846FE0B06}.Release|x86.Build.0 = Release|Win32
	EndGlobalSection
	GlobalSection(SolutionProperties) = preSolution
		HideSolutionNode = FALSE
	EndGlobalSection
	GlobalSection(ExtensibilityGlobals) = postSolution
		SolutionGuid = {7B68CC31-FF41-467C-A0E4-33FB049F04A0}
	EndGlobalSection
EndGlobal
